
Microsoft Visual Studio Solution File, Format Version 12.00
# Visual Studio 15
VisualStudioVersion = 15.0.27428.2037
MinimumVisualStudioVersion = 10.0.40219.1
Project("{9A19103F-16F7-4668-BE54-9A1E7A4F7556}") = "z.Data.Standard", "z.Data.Standard.csproj", "{658A373C-7335-43B9-A77B-436CC1DA5D1F}"
EndProject
Project("{FAE04EC0-301F-11D3-BF4B-00C04F79EFBC}") = "z.Data.Standard.Test", "..\z.Data.Standard.Test\z.Data.Standard.Test.csproj", "{F84B828F-5FEB-4689-84BB-2CC109E0CFC9}"
EndProject
Global
	GlobalSection(SolutionConfigurationPlatforms) = preSolution
		Debug|Any CPU = Debug|Any CPU
		Release|Any CPU = Release|Any CPU
	EndGlobalSection
	GlobalSection(ProjectConfigurationPlatforms) = postSolution
		{658A373C-7335-43B9-A77B-436CC1DA5D1F}.Debug|Any CPU.ActiveCfg = Debug|Any CPU
		{658A373C-7335-43B9-A77B-436CC1DA5D1F}.Debug|Any CPU.Build.0 = Debug|Any CPU
		{658A373C-7335-43B9-A77B-436CC1DA5D1F}.Release|Any CPU.ActiveCfg = Release|Any CPU
		{658A373C-7335-43B9-A77B-436CC1DA5D1F}.Release|Any CPU.Build.0 = Release|Any CPU
		{F84B828F-5FEB-4689-84BB-2CC109E0CFC9}.Debug|Any CPU.ActiveCfg = Debug|Any CPU
		{F84B828F-5FEB-4689-84BB-2CC109E0CFC9}.Debug|Any CPU.Build.0 = Debug|Any CPU
		{F84B828F-5FEB-4689-84BB-2CC109E0CFC9}.Release|Any CPU.ActiveCfg = Release|Any CPU
		{F84B828F-5FEB-4689-84BB-2CC109E0CFC9}.Release|Any CPU.Build.0 = Release|Any CPU
	EndGlobalSection
	GlobalSection(SolutionProperties) = preSolution
		HideSolutionNode = FALSE
	EndGlobalSection
	GlobalSection(ExtensibilityGlobals) = postSolution
		SolutionGuid = {0746FFE2-8FA7-4CE7-8727-FB2C47457CAB}
	EndGlobalSection
EndGlobal
